
Microsoft Visual Studio Solution File, Format Version 12.00
# Visual Studio Version 16
VisualStudioVersion = 16.0.29230.47
MinimumVisualStudioVersion = 10.0.40219.1
Project("{FAE04EC0-301F-11D3-BF4B-00C04F79EFBC}") = "gwangwa1730ex1b", "gwangwa1730ex1b\gwangwa1730ex1b.csproj", "{00D58F93-B8B8-4C4D-B052-5C88F5E336B2}"
EndProject
Project("{FAE04EC0-301F-11D3-BF4B-00C04F79EFBC}") = "gwangwa1c1", "gwangwa1c1\gwangwa1c1.csproj", "{8CCB5EED-33F4-4F61-82B9-64567C65C611}"
EndProject
Global
	GlobalSection(SolutionConfigurationPlatforms) = preSolution
		Debug|Any CPU = Debug|Any CPU
		Release|Any CPU = Release|Any CPU
	EndGlobalSection
	GlobalSection(ProjectConfigurationPlatforms) = postSolution
		{00D58F93-B8B8-4C4D-B052-5C88F5E336B2}.Debug|Any CPU.ActiveCfg = Debug|Any CPU
		{00D58F93-B8B8-4C4D-B052-5C88F5E336B2}.Debug|Any CPU.Build.0 = Debug|Any CPU
		{00D58F93-B8B8-4C4D-B052-5C88F5E336B2}.Release|Any CPU.ActiveCfg = Release|Any CPU
		{00D58F93-B8B8-4C4D-B052-5C88F5E336B2}.Release|Any CPU.Build.0 = Release|Any CPU
		{8CCB5EED-33F4-4F61-82B9-64567C65C611}.Debug|Any CPU.ActiveCfg = Debug|Any CPU
		{8CCB5EED-33F4-4F61-82B9-64567C65C611}.Debug|Any CPU.Build.0 = Debug|Any CPU
		{8CCB5EED-33F4-4F61-82B9-64567C65C611}.Release|Any CPU.ActiveCfg = Release|Any CPU
		{8CCB5EED-33F4-4F61-82B9-64567C65C611}.Release|Any CPU.Build.0 = Release|Any CPU
	EndGlobalSection
	GlobalSection(SolutionProperties) = preSolution
		HideSolutionNode = FALSE
	EndGlobalSection
	GlobalSection(ExtensibilityGlobals) = postSolution
		SolutionGuid = {77592BBD-20E0-477B-9826-10629D3D2394}
	EndGlobalSection
EndGlobal
