
Microsoft Visual Studio Solution File, Format Version 12.00
# Visual Studio Version 16
VisualStudioVersion = 16.0.29230.47
MinimumVisualStudioVersion = 10.0.40219.1
Project("{FAE04EC0-301F-11D3-BF4B-00C04F79EFBC}") = "gwangwa1730ex1b", "gwangwa1730ex1b\gwangwa1730ex1b.csproj", "{00D58F93-B8B8-4C4D-B052-5C88F5E336B2}"
EndProject
Project("{FAE04EC0-301F-11D3-BF4B-00C04F79EFBC}") = "gwangwa1c1", "gwangwa1c1\gwangwa1c1.csproj", "{8CCB5EED-33F4-4F61-82B9-64567C65C611}"
EndProject
Project("{FAE04EC0-301F-11D3-BF4B-00C04F79EFBC}") = "gwangwa1d1", "gwangwa1d1\gwangwa1d1.csproj", "{4D6D4BC9-D12B-4343-8EBD-1F7C38193B69}"
EndProject
Project("{FAE04EC0-301F-11D3-BF4B-00C04F79EFBC}") = "gwangwa1E1", "gwangwa1E1\gwangwa1E1.csproj", "{80CD8885-7039-4CDC-9330-E084682EEF23}"
EndProject
Project("{FAE04EC0-301F-11D3-BF4B-00C04F79EFBC}") = "gwangwa1F1", "gwangwa1F1\gwangwa1F1.csproj", "{34AF0756-9373-434A-B099-B4A10D075788}"
EndProject
Project("{FAE04EC0-301F-11D3-BF4B-00C04F79EFBC}") = "gwangwa1G1", "gwangwa1G1\gwangwa1G1.csproj", "{206219F3-D764-47BA-9DE8-7E0432B7B6F1}"
EndProject
Project("{FAE04EC0-301F-11D3-BF4B-00C04F79EFBC}") = "gwangwa1H1", "gwangwa1H1\gwangwa1H1.csproj", "{6510FC92-89F2-487E-B233-0946B9420438}"
EndProject
Project("{FAE04EC0-301F-11D3-BF4B-00C04F79EFBC}") = "gwangwa1H2.0", "gwangwa1H2.0\gwangwa1H2.0.csproj", "{099B6F5C-63C0-4538-8923-275FB1D957EC}"
EndProject
Project("{FAE04EC0-301F-11D3-BF4B-00C04F79EFBC}") = "gwangwa1H3.0", "gwangwa1H3.0\gwangwa1H3.0.csproj", "{0BD4374F-0106-4CE6-921E-DDEECD6DC625}"
EndProject
Project("{FAE04EC0-301F-11D3-BF4B-00C04F79EFBC}") = "VariableSample", "VariableSample\VariableSample.csproj", "{48BEF9E6-1808-4E19-B8BC-303FE2FAF067}"
EndProject
Project("{FAE04EC0-301F-11D3-BF4B-00C04F79EFBC}") = "gwangwa2A1", "WindowsFormsApp1\gwangwa2A1.csproj", "{CF611C97-A8B8-4AC8-A3D9-6F6EA51D7E63}"
EndProject
Project("{FAE04EC0-301F-11D3-BF4B-00C04F79EFBC}") = "gwangwa2B1", "gwangwa2B1\gwangwa2B1.csproj", "{E72BCC31-EE1B-402E-9B9F-7D8FDB3157F4}"
EndProject
Project("{FAE04EC0-301F-11D3-BF4B-00C04F79EFBC}") = "gwangwa2C2", "gwangwa2C2\gwangwa2C2.csproj", "{532B8430-6D96-4573-AB26-9607474C02F7}"
EndProject
Project("{FAE04EC0-301F-11D3-BF4B-00C04F79EFBC}") = "gwangwa2D1", "gwangwa2D1\gwangwa2D1.csproj", "{DDD84E1E-A41C-4035-83DD-374BB1A9931A}"
EndProject
Global
	GlobalSection(SolutionConfigurationPlatforms) = preSolution
		Debug|Any CPU = Debug|Any CPU
		Release|Any CPU = Release|Any CPU
	EndGlobalSection
	GlobalSection(ProjectConfigurationPlatforms) = postSolution
		{00D58F93-B8B8-4C4D-B052-5C88F5E336B2}.Debug|Any CPU.ActiveCfg = Debug|Any CPU
		{00D58F93-B8B8-4C4D-B052-5C88F5E336B2}.Debug|Any CPU.Build.0 = Debug|Any CPU
		{00D58F93-B8B8-4C4D-B052-5C88F5E336B2}.Release|Any CPU.ActiveCfg = Release|Any CPU
		{00D58F93-B8B8-4C4D-B052-5C88F5E336B2}.Release|Any CPU.Build.0 = Release|Any CPU
		{8CCB5EED-33F4-4F61-82B9-64567C65C611}.Debug|Any CPU.ActiveCfg = Debug|Any CPU
		{8CCB5EED-33F4-4F61-82B9-64567C65C611}.Debug|Any CPU.Build.0 = Debug|Any CPU
		{8CCB5EED-33F4-4F61-82B9-64567C65C611}.Release|Any CPU.ActiveCfg = Release|Any CPU
		{8CCB5EED-33F4-4F61-82B9-64567C65C611}.Release|Any CPU.Build.0 = Release|Any CPU
		{4D6D4BC9-D12B-4343-8EBD-1F7C38193B69}.Debug|Any CPU.ActiveCfg = Debug|Any CPU
		{4D6D4BC9-D12B-4343-8EBD-1F7C38193B69}.Debug|Any CPU.Build.0 = Debug|Any CPU
		{4D6D4BC9-D12B-4343-8EBD-1F7C38193B69}.Release|Any CPU.ActiveCfg = Release|Any CPU
		{4D6D4BC9-D12B-4343-8EBD-1F7C38193B69}.Release|Any CPU.Build.0 = Release|Any CPU
		{80CD8885-7039-4CDC-9330-E084682EEF23}.Debug|Any CPU.ActiveCfg = Debug|Any CPU
		{80CD8885-7039-4CDC-9330-E084682EEF23}.Debug|Any CPU.Build.0 = Debug|Any CPU
		{80CD8885-7039-4CDC-9330-E084682EEF23}.Release|Any CPU.ActiveCfg = Release|Any CPU
		{80CD8885-7039-4CDC-9330-E084682EEF23}.Release|Any CPU.Build.0 = Release|Any CPU
		{34AF0756-9373-434A-B099-B4A10D075788}.Debug|Any CPU.ActiveCfg = Debug|Any CPU
		{34AF0756-9373-434A-B099-B4A10D075788}.Debug|Any CPU.Build.0 = Debug|Any CPU
		{34AF0756-9373-434A-B099-B4A10D075788}.Release|Any CPU.ActiveCfg = Release|Any CPU
		{34AF0756-9373-434A-B099-B4A10D075788}.Release|Any CPU.Build.0 = Release|Any CPU
		{206219F3-D764-47BA-9DE8-7E0432B7B6F1}.Debug|Any CPU.ActiveCfg = Debug|Any CPU
		{206219F3-D764-47BA-9DE8-7E0432B7B6F1}.Debug|Any CPU.Build.0 = Debug|Any CPU
		{206219F3-D764-47BA-9DE8-7E0432B7B6F1}.Release|Any CPU.ActiveCfg = Release|Any CPU
		{206219F3-D764-47BA-9DE8-7E0432B7B6F1}.Release|Any CPU.Build.0 = Release|Any CPU
		{6510FC92-89F2-487E-B233-0946B9420438}.Debug|Any CPU.ActiveCfg = Debug|Any CPU
		{6510FC92-89F2-487E-B233-0946B9420438}.Debug|Any CPU.Build.0 = Debug|Any CPU
		{6510FC92-89F2-487E-B233-0946B9420438}.Release|Any CPU.ActiveCfg = Release|Any CPU
		{6510FC92-89F2-487E-B233-0946B9420438}.Release|Any CPU.Build.0 = Release|Any CPU
		{099B6F5C-63C0-4538-8923-275FB1D957EC}.Debug|Any CPU.ActiveCfg = Debug|Any CPU
		{099B6F5C-63C0-4538-8923-275FB1D957EC}.Debug|Any CPU.Build.0 = Debug|Any CPU
		{099B6F5C-63C0-4538-8923-275FB1D957EC}.Release|Any CPU.ActiveCfg = Release|Any CPU
		{099B6F5C-63C0-4538-8923-275FB1D957EC}.Release|Any CPU.Build.0 = Release|Any CPU
		{0BD4374F-0106-4CE6-921E-DDEECD6DC625}.Debug|Any CPU.ActiveCfg = Debug|Any CPU
		{0BD4374F-0106-4CE6-921E-DDEECD6DC625}.Debug|Any CPU.Build.0 = Debug|Any CPU
		{0BD4374F-0106-4CE6-921E-DDEECD6DC625}.Release|Any CPU.ActiveCfg = Release|Any CPU
		{0BD4374F-0106-4CE6-921E-DDEECD6DC625}.Release|Any CPU.Build.0 = Release|Any CPU
		{48BEF9E6-1808-4E19-B8BC-303FE2FAF067}.Debug|Any CPU.ActiveCfg = Debug|Any CPU
		{48BEF9E6-1808-4E19-B8BC-303FE2FAF067}.Debug|Any CPU.Build.0 = Debug|Any CPU
		{48BEF9E6-1808-4E19-B8BC-303FE2FAF067}.Release|Any CPU.ActiveCfg = Release|Any CPU
		{48BEF9E6-1808-4E19-B8BC-303FE2FAF067}.Release|Any CPU.Build.0 = Release|Any CPU
		{CF611C97-A8B8-4AC8-A3D9-6F6EA51D7E63}.Debug|Any CPU.ActiveCfg = Debug|Any CPU
		{CF611C97-A8B8-4AC8-A3D9-6F6EA51D7E63}.Debug|Any CPU.Build.0 = Debug|Any CPU
		{CF611C97-A8B8-4AC8-A3D9-6F6EA51D7E63}.Release|Any CPU.ActiveCfg = Release|Any CPU
		{CF611C97-A8B8-4AC8-A3D9-6F6EA51D7E63}.Release|Any CPU.Build.0 = Release|Any CPU
		{E72BCC31-EE1B-402E-9B9F-7D8FDB3157F4}.Debug|Any CPU.ActiveCfg = Debug|Any CPU
		{E72BCC31-EE1B-402E-9B9F-7D8FDB3157F4}.Debug|Any CPU.Build.0 = Debug|Any CPU
		{E72BCC31-EE1B-402E-9B9F-7D8FDB3157F4}.Release|Any CPU.ActiveCfg = Release|Any CPU
		{E72BCC31-EE1B-402E-9B9F-7D8FDB3157F4}.Release|Any CPU.Build.0 = Release|Any CPU
		{532B8430-6D96-4573-AB26-9607474C02F7}.Debug|Any CPU.ActiveCfg = Debug|Any CPU
		{532B8430-6D96-4573-AB26-9607474C02F7}.Debug|Any CPU.Build.0 = Debug|Any CPU
		{532B8430-6D96-4573-AB26-9607474C02F7}.Release|Any CPU.ActiveCfg = Release|Any CPU
		{532B8430-6D96-4573-AB26-9607474C02F7}.Release|Any CPU.Build.0 = Release|Any CPU
		{DDD84E1E-A41C-4035-83DD-374BB1A9931A}.Debug|Any CPU.ActiveCfg = Debug|Any CPU
		{DDD84E1E-A41C-4035-83DD-374BB1A9931A}.Debug|Any CPU.Build.0 = Debug|Any CPU
		{DDD84E1E-A41C-4035-83DD-374BB1A9931A}.Release|Any CPU.ActiveCfg = Release|Any CPU
		{DDD84E1E-A41C-4035-83DD-374BB1A9931A}.Release|Any CPU.Build.0 = Release|Any CPU
	EndGlobalSection
	GlobalSection(SolutionProperties) = preSolution
		HideSolutionNode = FALSE
	EndGlobalSection
	GlobalSection(ExtensibilityGlobals) = postSolution
		SolutionGuid = {77592BBD-20E0-477B-9826-10629D3D2394}
	EndGlobalSection
EndGlobal
